PackratFormat: 1.4
PackratVersion: 0.4.9.1
RVersion: 3.5.1
Repos: BioCsoft=https://bioconductor.org/packages/3.4/bioc,
    BioCann=https://bioconductor.org/packages/3.4/data/annotation,
    BioCexp=https://bioconductor.org/packages/3.4/data/experiment,
    BioCextra=https://bioconductor.org/packages/3.4/extra,
    CRAN=https://cran.rstudio.com/,
    CRANextra=https://www.stats.ox.ac.uk/pub/RWin

Package: BH
Source: CRAN
Version: 1.66.0-1
Hash: 4cc8883584b955ed01f38f68bc03af6d

Package: MASS
Source: CRAN
Version: 7.3-49
Hash: 01a2feb0d02f446a8337f5fa310fb498

Package: PKI
Source: CRAN
Version: 0.1-5.1
Hash: 8c194fb34ebaab38a13e43ce84feedee
Requires: base64enc

Package: R6
Source: CRAN
Version: 2.2.2
Hash: b2366cd9d2f3851a5704b4e192b985c2

Package: RCurl
Source: CRAN
Version: 1.95-4.11
Hash: 98b1b04db217dc56baca68aa34079fdd
Requires: bitops

Package: RJSONIO
Source: CRAN
Version: 1.3-0
Hash: fb672e20eb6f3010a3639f855d8ef6de

Package: Rcpp
Source: CRAN
Version: 0.12.18
Hash: c80398774358bc105b9f91f7f7519d7a

Package: assertthat
Source: CRAN
Version: 0.2.0
Hash: e8805df54c65ac96d50235c44a82615c

Package: backports
Source: CRAN
Version: 1.1.2
Hash: 5ae7b3466e529e4400951ca18c137e40

Package: base64enc
Source: CRAN
Version: 0.1-3
Hash: c590d29e555926af053055e23ee79efb

Package: bindr
Source: CRAN
Version: 0.1.1
Hash: 76578c5f543a6ecbc1365d6445f9ebf7

Package: bindrcpp
Source: CRAN
Version: 0.2
Hash: 11e8c04319876297ec56bb4fb03d5ad9
Requires: Rcpp, bindr, plogr

Package: bitops
Source: CRAN
Version: 1.0-6
Hash: 67d0775189fd0041d95abca618c5c07e

Package: brew
Source: CRAN
Version: 1.0-6
Hash: 931f9972deae0f205e1c78a51f33149b

Package: caTools
Source: CRAN
Version: 1.17.1
Hash: 97cb6f6293cd18d17df77a6383cc6763
Requires: bitops

Package: callr
Source: CRAN
Version: 2.0.4
Hash: ae3d74ab94396fc7f6b879f17fb71a12
Requires: R6, processx

Package: cli
Source: CRAN
Version: 1.0.0
Hash: f4239f89feb7ddc65821e4514e9734ae
Requires: assertthat, crayon

Package: clipr
Source: CRAN
Version: 0.4.1
Hash: caf20ae357bfa2ed50e0e7db267f69ce

Package: clisymbols
Source: CRAN
Version: 1.2.0
Hash: a76a309884277a4fd8a5d741965fbef5

Package: commonmark
Source: CRAN
Version: 1.5
Hash: 432a16a9967055dad6b39f1c14fd6b2c

Package: covr
Source: CRAN
Version: 3.0.1
Hash: aab7a1873ad3d943dd4a0ce4edbc2691
Requires: crayon, httr, jsonlite, rex, withr

Package: crayon
Source: CRAN
Version: 1.3.4
Hash: ff2840dd9b0d563fc80377a5a45510cd

Package: curl
Source: CRAN
Version: 3.2
Hash: e3318ec2d42d15a38485bab047d114ba

Package: debugme
Source: CRAN
Version: 1.1.0
Hash: c233690edd9fa17a63f7c8d83c1ca153
Requires: crayon

Package: desc
Source: CRAN
Version: 1.2.0
Hash: a1fd2baa29d4954951e3d1816deab6af
Requires: R6, assertthat, crayon, rprojroot

Package: devtools
Source: CRAN
Version: 1.13.6
Hash: 9a137acbaeb61f440b1c1dedc1fbcaec
Requires: digest, git2r, httr, jsonlite, memoise, rstudioapi, whisker,
    withr

Package: digest
Source: CRAN
Version: 0.6.15
Hash: 1f202ebd812ac7192be3739245746a13

Package: dplyr
Source: CRAN
Version: 0.7.4
Hash: 53ab2b8ebc0b1aa4a75aa2f0909fe341
Requires: BH, R6, Rcpp, assertthat, bindrcpp, glue, magrittr,
    pkgconfig, plogr, rlang, tibble

Package: enc
Source: CRAN
Version: 0.2.0
Hash: d7625df773f4a18ffb69ed0961f720d7

Package: evaluate
Source: CRAN
Version: 0.11
Hash: 2d90e734f5c12a3473f4be8ef3c15ebb
Requires: stringr

Package: fansi
Source: CRAN
Version: 0.2.3
Hash: ea2d591618224c56c8d5befde9af822b

Package: fs
Source: CRAN
Version: 1.2.5
Hash: 6a914517bc7770d6672da55de125c12c
Requires: Rcpp

Package: gh
Source: CRAN
Version: 1.0.1
Hash: 0fafa863f1a86a1f1966e5d5b46a48b5
Requires: httr, ini, jsonlite

Package: git2r
Source: CRAN
Version: 0.23.0
Hash: f7190a7a4b5c5f0983b4b6ee29ed7bc3

Package: glue
Source: CRAN
Version: 1.3.0
Hash: 1fbde6dec830370be696eee8ef31c9e4

Package: highlight
Source: CRAN
Version: 0.4.7.2
Hash: 829e60dc007d762127c653343dc6bfcf

Package: highr
Source: CRAN
Version: 0.7
Hash: 20757f5c393ed0ecf96c9e8e6d8d514c

Package: htmltools
Source: CRAN
Version: 0.3.6
Hash: 87bd72cdfc46f686bbd46b180cb5f0b5
Requires: Rcpp, digest

Package: httr
Source: CRAN
Version: 1.3.1
Hash: 2d32e01e53d532c812052e27a1021441
Requires: R6, curl, jsonlite, mime, openssl

Package: ini
Source: CRAN
Version: 0.3.1
Hash: 9d6de5178c1cedabfb24e7d2acc9a092

Package: irlba
Source: CRAN
Version: 2.3.2
Hash: 899990b19f7b8c7e66f97298b4d79394

Package: jsonlite
Source: CRAN
Version: 1.5
Hash: 9c51936d8dd00b2f1d4fe9d10499694c

Package: knitr
Source: CRAN
Version: 1.20
Hash: 9c6b215d1d02b97586c8232e94533e6a
Requires: evaluate, highr, markdown, stringr, yaml

Package: lazyeval
Source: CRAN
Version: 0.2.1
Hash: 88926ad9c43581fd0822a37c8ed09f05

Package: magick
Source: CRAN
Version: 1.8
Hash: 038c2bf9f8f4c2926430708e4fce7869
Requires: Rcpp, curl, knitr, magrittr

Package: magrittr
Source: CRAN
Version: 1.5
Hash: bdc4d48c3135e8f3b399536ddf160df4

Package: markdown
Source: CRAN
Version: 0.8
Hash: 045d7c594d503b41f1c28946d076c8aa
Requires: mime

Package: memoise
Source: CRAN
Version: 1.1.0
Hash: 410fcd334bc626db100237cc1370f2e9
Requires: digest

Package: mime
Source: CRAN
Version: 0.5
Hash: 463550cf44fb6f0a2359368f42eebe62

Package: openssl
Source: CRAN
Version: 1.0.2
Hash: 12a42cbd5aecdb887782247856ccbafd

Package: packrat
Source: CRAN
Version: 0.4.9-1
Hash: e95f4c0ccf3ac830a0a480888c1c965f

Package: pillar
Source: CRAN
Version: 1.3.0
Hash: 3e43f774fa6dfba877caca1aebbeaa6a
Requires: cli, crayon, fansi, rlang, utf8

Package: pkgbuild
Source: CRAN
Version: 1.0.0
Hash: 0a49f0fd623849e51386a274c6ebdbd9
Requires: R6, callr, crayon, desc, rprojroot, withr

Package: pkgconfig
Source: CRAN
Version: 2.0.1
Hash: 0dda4a2654a22b36a715c2b0b6fbacac

Package: pkgdown
Source: CRAN
Version: 1.1.0
Hash: ec5ebb5a5da90db263be594fe2c254c0
Requires: MASS, R6, callr, cli, crayon, desc, devtools, digest,
    evaluate, fs, highlight, httr, magrittr, memoise, purrr, rematch,
    rlang, rmarkdown, roxygen2, rsconnect, rstudioapi, tibble, whisker,
    xml2, yaml

Package: pkgload
Source: CRAN
Version: 1.0.0
Hash: 4e38eacecfe8616754a63c876e63142b
Requires: desc, pkgbuild, rlang, rprojroot, rstudioapi, withr

Package: plogr
Source: CRAN
Version: 0.1-1
Hash: fb19215402e2d9f1c7f803dcaa806fc2

Package: praise
Source: CRAN
Version: 1.0.0
Hash: 77da8f1df873a4b91e5c4a68fe2fb1b6

Package: processx
Source: CRAN
Version: 3.1.0
Hash: 3f3cd7b280ca226a53513cb41f5aab3d
Requires: R6, assertthat, crayon, testthat

Package: purrr
Source: CRAN
Version: 0.2.5
Hash: 8b0c16db10c7e20b70cd37779a673a8b
Requires: magrittr, rlang, tibble

Package: purrrlyr
Source: CRAN
Version: 0.0.2
Hash: 182160e9aa663b53b2fb80d648b22790
Requires: BH, Rcpp, dplyr, lazyeval, magrittr, purrr

Package: rematch
Source: CRAN
Version: 1.0.1
Hash: ad4faf59e7611117ff165817074c50c7

Package: rematch2
Source: CRAN
Version: 2.0.1
Hash: b7f86a340a404c69cfb770dfd2081dd9
Requires: tibble

Package: rex
Source: CRAN
Version: 1.1.2
Hash: 57541aaae58f1a284a398f5c62c95097
Requires: lazyeval, magrittr

Package: rlang
Source: CRAN
Version: 0.2.1
Hash: 2b163b981be3d6daaac1ad505dd0bf30

Package: rmarkdown
Source: CRAN
Version: 1.10
Hash: 02f1aac33000c63986c6b5585e36e7ae
Requires: base64enc, evaluate, htmltools, jsonlite, knitr, mime,
    rprojroot, stringr, tinytex, yaml

Package: roxygen2
Source: CRAN
Version: 6.1.0
Hash: 92a56f03051cf532b3e5b61095854167
Requires: R6, Rcpp, brew, commonmark, desc, digest, pkgload, purrr,
    stringi, stringr, xml2

Package: rprojroot
Source: CRAN
Version: 1.3-2
Hash: a25c3f70c166fb3fbabc410eb32b6366
Requires: backports

Package: rsconnect
Source: CRAN
Version: 0.8.8
Hash: 65aaa7b253eda0ec1dcd1b1352c7b3ee
Requires: PKI, RCurl, RJSONIO, digest, packrat, rstudioapi, yaml

Package: rstudioapi
Source: CRAN
Version: 0.7
Hash: e2ebaff8160aff3e6b32e6e78a693c2d

Package: rversions
Source: CRAN
Version: 1.0.3
Hash: 44837671df6bf1d0b863dc6f83f42a16
Requires: curl, xml2

Package: stringdist
Source: CRAN
Version: 0.9.4.7
Hash: 60c4897bf879e8c02a538f1e4655f498

Package: stringi
Source: CRAN
Version: 1.1.7
Hash: d3dbb18da9a7b73a5b59416e33ad2cbd

Package: stringr
Source: CRAN
Version: 1.3.1
Hash: 9f417a1d899ed1f080942ab36998e8b5
Requires: glue, magrittr, stringi

Package: styler
Source: CRAN
Version: 1.0.2
Hash: a803f5288519f928124d6305af477120
Requires: backports, cli, enc, magrittr, purrr, rematch2, rlang,
    rprojroot, tibble, withr

Package: testthat
Source: CRAN
Version: 2.0.0
Hash: 537114b476376c5773bf3c557f5bbd19
Requires: R6, cli, crayon, digest, magrittr, praise, rlang, withr

Package: tibble
Source: CRAN
Version: 1.4.2
Hash: 83895360ce4f8d2ce92eee00526b5b0b
Requires: cli, crayon, pillar, rlang

Package: tinytex
Source: CRAN
Version: 0.6
Hash: a149d4e6a2f7d6422e063a19cca52bb9
Requires: xfun

Package: usethis
Source: CRAN
Version: 1.3.0
Hash: 91407f448e75666aea363c9bc743ed72
Requires: backports, clipr, clisymbols, crayon, curl, desc, gh, git2r,
    httr, rematch2, rmarkdown, rprojroot, rstudioapi, styler, whisker

Package: utf8
Source: CRAN
Version: 1.1.4
Hash: f3f97ce59092abc8ed3fd098a59e236c

Package: whisker
Source: CRAN
Version: 0.3-2
Hash: 803d662762e532705c2c066a82d066e7

Package: withr
Source: CRAN
Version: 2.1.2
Hash: d534108bcd5f34ec73e9eb523751ba20

Package: xfun
Source: CRAN
Version: 0.3
Hash: 3b1cb5fdcfb96c88e3f9ab0239fbd048

Package: xml2
Source: CRAN
Version: 1.2.0
Hash: 1ee43aa8f57efa79384f290459c138b6
Requires: Rcpp

Package: yaml
Source: CRAN
Version: 2.2.0
Hash: a5ad5616d83d89f8d84cbf3cf4034e13
