PackratFormat: 1.4
PackratVersion: 0.4.8.12
RVersion: 3.4.3
Repos: BioCsoft=https://bioconductor.org/packages/3.4/bioc,
    BioCann=https://bioconductor.org/packages/3.4/data/annotation,
    BioCexp=https://bioconductor.org/packages/3.4/data/experiment,
    BioCextra=https://bioconductor.org/packages/3.4/extra,
    CRAN=https://cran.rstudio.com/,
    CRANextra=https://www.stats.ox.ac.uk/pub/RWin

Package: BH
Source: CRAN
Version: 1.62.0-1
Hash: 14dfb3e8ffe20996118306ff4de1fab2

Package: R6
Source: CRAN
Version: 2.2.2
Hash: b2366cd9d2f3851a5704b4e192b985c2

Package: Rcpp
Source: CRAN
Version: 0.12.12
Hash: 8b3d5ebb9a9a4ab5c86b3a81b0cfb774

Package: assertthat
Source: CRAN
Version: 0.2.0
Hash: e8805df54c65ac96d50235c44a82615c

Package: backports
Source: CRAN
Version: 1.1.0
Hash: 3f754426ca2b7dbbf63951fe5075373b

Package: base64enc
Source: CRAN
Version: 0.1-3
Hash: c590d29e555926af053055e23ee79efb

Package: bindr
Source: CRAN
Version: 0.1
Hash: e3a02070cf705d3ad1c5af1635a515a3

Package: bindrcpp
Source: CRAN
Version: 0.2
Hash: 8ab2dbf7ea120cf2d31183e0bf388485

Package: bitops
Source: CRAN
Version: 1.0-6
Hash: 67d0775189fd0041d95abca618c5c07e

Package: brew
Source: CRAN
Version: 1.0-6
Hash: 931f9972deae0f205e1c78a51f33149b

Package: caTools
Source: CRAN
Version: 1.17.1
Hash: 97cb6f6293cd18d17df77a6383cc6763

Package: callr
Source: github
Version: 1.0.0.9000
Hash: 928fb88439061be17a5d1408b2cf9f40
GithubRepo: callr
GithubUsername: r-pkgs
GithubRef: HEAD
GithubSha1: ce3f15cbdccb6981e94fedb7a3c5424fff152094

Package: cli
Source: CRAN
Version: 1.0.0
Hash: f4239f89feb7ddc65821e4514e9734ae

Package: commonmark
Source: CRAN
Version: 1.2
Hash: 1290583b9d16fb60322126a8698fb729

Package: covr
Source: CRAN
Version: 3.0.1
Hash: aab7a1873ad3d943dd4a0ce4edbc2691

Package: crayon
Source: CRAN
Version: 1.3.4
Hash: ff2840dd9b0d563fc80377a5a45510cd

Package: curl
Source: CRAN
Version: 3.1
Hash: 877149b42d479b93ab15d5cef46c0f1b

Package: debugme
Source: CRAN
Version: 1.0.2
Hash: 28d8f97402746afa3bf2ce392173c957

Package: desc
Source: CRAN
Version: 1.1.0
Hash: 346d3477f87b89692dd1379eaed1a1be

Package: devtools
Source: CRAN
Version: 1.13.4
Hash: 80a77b22f641002c7ce0343baeaee300

Package: digest
Source: CRAN
Version: 0.6.13
Hash: cfce0bc7ed5ba0cdc47182698fae1d24

Package: dplyr
Source: CRAN
Version: 0.7.2
Hash: a4e8be0458f97a40806bcced654de815

Package: evaluate
Source: CRAN
Version: 0.10.1
Hash: 54d95f4ec6d0300100413ed0127d89ae

Package: formatR
Source: CRAN
Version: 1.5
Hash: 258cf79a8dbeedf1c981cdb53837d2af

Package: gh
Source: github
Version: 1.0.1
Hash: 2d347fdc4d82a9adc834a75389be2166
GithubRepo: gh
GithubUsername: r-pkgs
GithubRef: master
GithubSha1: d3c0e1c2a591fa4f13a9a2b2af3ebe50ec4245ff

Package: git2r
Source: CRAN
Version: 0.21.0
Hash: 64747922e287be74e8e8b46c107fd3ef

Package: glue
Source: CRAN
Version: 1.1.1
Hash: dfd5a27768175ae51d08dc6beba1ef11

Package: gmailr
Source: CRAN
Version: 0.7.1
Hash: 69302be7fe9b4dbb2d1e971e63e4703c

Package: highlight
Source: CRAN
Version: 0.4.7.1
Hash: 888789a635beb64b9cddbf7ce3f0acb1

Package: highr
Source: CRAN
Version: 0.6
Hash: aa3d5b7912b5fed4b546ed5cd2a1760b

Package: htmltools
Source: CRAN
Version: 0.3.6
Hash: 5b070a04ef8df1953544873db1c5896e

Package: httr
Source: CRAN
Version: 1.3.1
Hash: 2d32e01e53d532c812052e27a1021441

Package: hunspell
Source: CRAN
Version: 2.6
Hash: a4df84575f12d779a024de4ac198c690

Package: igraph
Source: CRAN
Version: 1.1.2
Hash: 07d33f151f94269a4573d354104e81aa

Package: ini
Source: CRAN
Version: 0.2
Hash: 12df248cc384eb68545a617da2730c8e

Package: installr
Source: CRAN
Version: 0.19.0
Hash: 5b02af2e8d5904eca4cbf85e68d33499

Package: irlba
Source: CRAN
Version: 2.3.1
Hash: d13f2ae16f48b5c92443f1fba02eb64b

Package: jsonlite
Source: CRAN
Version: 1.5
Hash: 9c51936d8dd00b2f1d4fe9d10499694c

Package: knitr
Source: CRAN
Version: 1.18
Hash: 5be8a90c6aac24e7e0a4f18b829cc6e2

Package: lazyeval
Source: CRAN
Version: 0.2.0
Hash: 3d6e7608e65bbf5cb170dab1e3c9ed8b

Package: lintr
Source: CRAN
Version: 1.0.2
Hash: 9ab51fac036f8724e44ee99d69c4238f

Package: magrittr
Source: CRAN
Version: 1.5
Hash: bdc4d48c3135e8f3b399536ddf160df4

Package: markdown
Source: CRAN
Version: 0.8
Hash: 045d7c594d503b41f1c28946d076c8aa

Package: memoise
Source: CRAN
Version: 1.1.0
Hash: 410fcd334bc626db100237cc1370f2e9

Package: mime
Source: CRAN
Version: 0.5
Hash: 463550cf44fb6f0a2359368f42eebe62

Package: openssl
Source: CRAN
Version: 0.9.9
Hash: 3858537ac10388a5db1687450908f257

Package: packrat
Source: github
Version: 0.4.8-12
Hash: 0afd9cc3635d0371ecdc6392878a2ccd
GithubRepo: packrat
GithubUsername: rstudio
GithubRef: master
GithubSha1: b55feb68f662e9e1c58807316bde5ca0d40a3f64

Package: pillar
Source: CRAN
Version: 1.0.1
Hash: 4025a3ad006633faec49105185b99ad8

Package: pkgbuild
Source: github
Version: 0.0.0.9000
Hash: 0240738ba54f63281313d51faee40fc2
GithubRepo: pkgbuild
GithubUsername: r-pkgs
GithubRef: master
GithubSha1: 8aab60b03bb09212881e3544e332d60defc52fd6

Package: pkgconfig
Source: CRAN
Version: 2.0.1
Hash: 0dda4a2654a22b36a715c2b0b6fbacac

Package: plogr
Source: CRAN
Version: 0.1-1
Hash: fb19215402e2d9f1c7f803dcaa806fc2

Package: praise
Source: CRAN
Version: 1.0.0
Hash: 77da8f1df873a4b91e5c4a68fe2fb1b6

Package: processx
Source: github
Version: 2.0.1
Hash: 3eaf6a5f50cec5ea18fb5ca1cec5493d
GithubRepo: processx
GithubUsername: r-lib
GithubRef: master
GithubSha1: 28b06e36853ed2d06d499b81e6ada71adc108121

Package: purrr
Source: CRAN
Version: 0.2.4
Hash: a80b244ccd3fdb33a0ff2be3c50dd648

Package: purrrlyr
Source: CRAN
Version: 0.0.2
Hash: 40063dc550779f9c9ed42b2155da136a

Package: rex
Source: CRAN
Version: 1.1.2
Hash: 57541aaae58f1a284a398f5c62c95097

Package: rlang
Source: CRAN
Version: 0.1.6
Hash: 8eb4b2dce38b8f663cb9364b28eaa76b

Package: rmarkdown
Source: CRAN
Version: 1.8
Hash: 2a7842e3cee62a79dd737d17e9e9d86b

Package: roxygen2
Source: CRAN
Version: 6.0.1
Hash: 82a85278378502d37455fcfc84951433

Package: rprojroot
Source: CRAN
Version: 1.3-2
Hash: a25c3f70c166fb3fbabc410eb32b6366

Package: rstudioapi
Source: CRAN
Version: 0.7
Hash: e2ebaff8160aff3e6b32e6e78a693c2d

Package: rversions
Source: CRAN
Version: 1.0.3
Hash: 44837671df6bf1d0b863dc6f83f42a16

Package: stringdist
Source: CRAN
Version: 0.9.4.6
Hash: 0298ec970febd790a28fc7c898854f5e

Package: stringi
Source: CRAN
Version: 1.1.6
Hash: 4430faf2bcbe1b8de0d9be55bcfdcc0b

Package: stringr
Source: CRAN
Version: 1.2.0
Hash: 25a86d7f410513ebb7c0bc6a5e16bdc3

Package: testthat
Source: CRAN
Version: 2.0.0
Hash: 537114b476376c5773bf3c557f5bbd19

Package: tibble
Source: CRAN
Version: 1.4.1
Hash: 2e61874117a0824203d426b51e8b365d

Package: utf8
Source: CRAN
Version: 1.1.3
Hash: a2fe6a996668ee5850b7719f365e831b

Package: whisker
Source: CRAN
Version: 0.3-2
Hash: 803d662762e532705c2c066a82d066e7

Package: withr
Source: CRAN
Version: 2.1.1
Hash: a86856ae0b4a7c3daf9a3ef0097a403b

Package: xml2
Source: CRAN
Version: 1.1.1
Hash: b326a762ddb04eef605cc88987fa71fb

Package: yaml
Source: CRAN
Version: 2.1.16
Hash: 784ea5d8302d4a81f166a32a33c10711
